
Microsoft Visual Studio Solution File, Format Version 12.00
# Visual Studio Version 17
VisualStudioVersion = 17.1.32414.318
MinimumVisualStudioVersion = 10.0.40219.1
Project("{9A19103F-16F7-4668-BE54-9A1E7A4F7556}") = "Vonage.ContactCenter", "Vonage.ContactCenter\Vonage.ContactCenter.csproj", "{54600386-1235-4C04-887E-2F23F54CC9C4}"
EndProject
Project("{FAE04EC0-301F-11D3-BF4B-00C04F79EFBC}") = "Vonage.ContactCenter.Tests", "Vonage.ContactCenter.Tests\Vonage.ContactCenter.Tests.csproj", "{C3DEEF49-B8A2-4E04-8B8D-9BD471F6741F}"
EndProject
Project("{FAE04EC0-301F-11D3-BF4B-00C04F79EFBC}") = "Vonage.ContactCenter.IntegrationTests", "Vonage.ContactCenter.IntegrationTests\Vonage.ContactCenter.IntegrationTests.csproj", "{42D9372A-A405-455E-A9A3-352E64C07047}"
EndProject
Global
	GlobalSection(SolutionConfigurationPlatforms) = preSolution
		Debug|Any CPU = Debug|Any CPU
		Release|Any CPU = Release|Any CPU
	EndGlobalSection
	GlobalSection(ProjectConfigurationPlatforms) = postSolution
		{54600386-1235-4C04-887E-2F23F54CC9C4}.Debug|Any CPU.ActiveCfg = Debug|Any CPU
		{54600386-1235-4C04-887E-2F23F54CC9C4}.Debug|Any CPU.Build.0 = Debug|Any CPU
		{54600386-1235-4C04-887E-2F23F54CC9C4}.Release|Any CPU.ActiveCfg = Release|Any CPU
		{54600386-1235-4C04-887E-2F23F54CC9C4}.Release|Any CPU.Build.0 = Release|Any CPU
		{C3DEEF49-B8A2-4E04-8B8D-9BD471F6741F}.Debug|Any CPU.ActiveCfg = Debug|Any CPU
		{C3DEEF49-B8A2-4E04-8B8D-9BD471F6741F}.Debug|Any CPU.Build.0 = Debug|Any CPU
		{C3DEEF49-B8A2-4E04-8B8D-9BD471F6741F}.Release|Any CPU.ActiveCfg = Release|Any CPU
		{C3DEEF49-B8A2-4E04-8B8D-9BD471F6741F}.Release|Any CPU.Build.0 = Release|Any CPU
		{42D9372A-A405-455E-A9A3-352E64C07047}.Debug|Any CPU.ActiveCfg = Debug|Any CPU
		{42D9372A-A405-455E-A9A3-352E64C07047}.Debug|Any CPU.Build.0 = Debug|Any CPU
		{42D9372A-A405-455E-A9A3-352E64C07047}.Release|Any CPU.ActiveCfg = Release|Any CPU
		{42D9372A-A405-455E-A9A3-352E64C07047}.Release|Any CPU.Build.0 = Release|Any CPU
	EndGlobalSection
	GlobalSection(SolutionProperties) = preSolution
		HideSolutionNode = FALSE
	EndGlobalSection
	GlobalSection(ExtensibilityGlobals) = postSolution
		SolutionGuid = {BA271CE9-BC31-43B0-88C1-2243F1BC61F9}
	EndGlobalSection
EndGlobal
